
Microsoft Visual Studio Solution File, Format Version 12.00
# Visual Studio 15
VisualStudioVersion = 15.0.27703.2035
MinimumVisualStudioVersion = 10.0.40219.1
Project("{FAE04EC0-301F-11D3-BF4B-00C04F79EFBC}") = "CivaconTabbedPoc.Android", "CivaconTabbedPoc\CivaconTabbedPoc.Android\CivaconTabbedPoc.Android.csproj", "{6980A1C2-53E1-4E8A-AAF9-E2B8B6638A10}"
EndProject
Project("{FAE04EC0-301F-11D3-BF4B-00C04F79EFBC}") = "CivaconTabbedPoc.iOS", "CivaconTabbedPoc\CivaconTabbedPoc.iOS\CivaconTabbedPoc.iOS.csproj", "{3AB6224C-D3D7-4087-B06A-25FCCD188493}"
EndProject
Project("{FAE04EC0-301F-11D3-BF4B-00C04F79EFBC}") = "CivaconTabbedPoc.UWP", "CivaconTabbedPoc\CivaconTabbedPoc.UWP\CivaconTabbedPoc.UWP.csproj", "{F1F6ADE1-9986-4384-BF05-F452E41526A9}"
EndProject
Project("{D954291E-2A0B-460D-934E-DC6B0785DB48}") = "CivaconTabbedPoc", "CivaconTabbedPoc\CivaconTabbedPoc\CivaconTabbedPoc.shproj", "{06D9BFCD-380F-4979-B34B-CDF25DD87974}"
EndProject
Global
	GlobalSection(SharedMSBuildProjectFiles) = preSolution
		CivaconTabbedPoc\CivaconTabbedPoc\CivaconTabbedPoc.projitems*{06d9bfcd-380f-4979-b34b-cdf25dd87974}*SharedItemsImports = 13
		CivaconTabbedPoc\CivaconTabbedPoc\CivaconTabbedPoc.projitems*{3ab6224c-d3d7-4087-b06a-25fccd188493}*SharedItemsImports = 4
		CivaconTabbedPoc\CivaconTabbedPoc\CivaconTabbedPoc.projitems*{6980a1c2-53e1-4e8a-aaf9-e2b8b6638a10}*SharedItemsImports = 4
		CivaconTabbedPoc\CivaconTabbedPoc\CivaconTabbedPoc.projitems*{f1f6ade1-9986-4384-bf05-f452e41526a9}*SharedItemsImports = 4
	EndGlobalSection
	GlobalSection(SolutionConfigurationPlatforms) = preSolution
		Ad-Hoc|Any CPU = Ad-Hoc|Any CPU
		Ad-Hoc|ARM = Ad-Hoc|ARM
		Ad-Hoc|iPhone = Ad-Hoc|iPhone
		Ad-Hoc|iPhoneSimulator = Ad-Hoc|iPhoneSimulator
		Ad-Hoc|x64 = Ad-Hoc|x64
		Ad-Hoc|x86 = Ad-Hoc|x86
		AppStore|Any CPU = AppStore|Any CPU
		AppStore|ARM = AppStore|ARM
		AppStore|iPhone = AppStore|iPhone
		AppStore|iPhoneSimulator = AppStore|iPhoneSimulator
		AppStore|x64 = AppStore|x64
		AppStore|x86 = AppStore|x86
		Debug|Any CPU = Debug|Any CPU
		Debug|ARM = Debug|ARM
		Debug|iPhone = Debug|iPhone
		Debug|iPhoneSimulator = Debug|iPhoneSimulator
		Debug|x64 = Debug|x64
		Debug|x86 = Debug|x86
		Release|Any CPU = Release|Any CPU
		Release|ARM = Release|ARM
		Release|iPhone = Release|iPhone
		Release|iPhoneSimulator = Release|iPhoneSimulator
		Release|x64 = Release|x64
		Release|x86 = Release|x86
	EndGlobalSection
	GlobalSection(ProjectConfigurationPlatforms) = postSolution
		{6980A1C2-53E1-4E8A-AAF9-E2B8B6638A10}.Ad-Hoc|Any CPU.ActiveCfg = Release|Any CPU
		{6980A1C2-53E1-4E8A-AAF9-E2B8B6638A10}.Ad-Hoc|Any CPU.Build.0 = Release|Any CPU
		{6980A1C2-53E1-4E8A-AAF9-E2B8B6638A10}.Ad-Hoc|Any CPU.Deploy.0 = Release|Any CPU
		{6980A1C2-53E1-4E8A-AAF9-E2B8B6638A10}.Ad-Hoc|ARM.ActiveCfg = Release|Any CPU
		{6980A1C2-53E1-4E8A-AAF9-E2B8B6638A10}.Ad-Hoc|ARM.Build.0 = Release|Any CPU
		{6980A1C2-53E1-4E8A-AAF9-E2B8B6638A10}.Ad-Hoc|ARM.Deploy.0 = Release|Any CPU
		{6980A1C2-53E1-4E8A-AAF9-E2B8B6638A10}.Ad-Hoc|iPhone.ActiveCfg = Release|Any CPU
		{6980A1C2-53E1-4E8A-AAF9-E2B8B6638A10}.Ad-Hoc|iPhone.Build.0 = Release|Any CPU
		{6980A1C2-53E1-4E8A-AAF9-E2B8B6638A10}.Ad-Hoc|iPhone.Deploy.0 = Release|Any CPU
		{6980A1C2-53E1-4E8A-AAF9-E2B8B6638A10}.Ad-Hoc|iPhoneSimulator.ActiveCfg = Release|Any CPU
		{6980A1C2-53E1-4E8A-AAF9-E2B8B6638A10}.Ad-Hoc|iPhoneSimulator.Build.0 = Release|Any CPU
		{6980A1C2-53E1-4E8A-AAF9-E2B8B6638A10}.Ad-Hoc|iPhoneSimulator.Deploy.0 = Release|Any CPU
		{6980A1C2-53E1-4E8A-AAF9-E2B8B6638A10}.Ad-Hoc|x64.ActiveCfg = Release|Any CPU
		{6980A1C2-53E1-4E8A-AAF9-E2B8B6638A10}.Ad-Hoc|x64.Build.0 = Release|Any CPU
		{6980A1C2-53E1-4E8A-AAF9-E2B8B6638A10}.Ad-Hoc|x64.Deploy.0 = Release|Any CPU
		{6980A1C2-53E1-4E8A-AAF9-E2B8B6638A10}.Ad-Hoc|x86.ActiveCfg = Release|Any CPU
		{6980A1C2-53E1-4E8A-AAF9-E2B8B6638A10}.Ad-Hoc|x86.Build.0 = Release|Any CPU
		{6980A1C2-53E1-4E8A-AAF9-E2B8B6638A10}.Ad-Hoc|x86.Deploy.0 = Release|Any CPU
		{6980A1C2-53E1-4E8A-AAF9-E2B8B6638A10}.AppStore|Any CPU.ActiveCfg = Release|Any CPU
		{6980A1C2-53E1-4E8A-AAF9-E2B8B6638A10}.AppStore|Any CPU.Build.0 = Release|Any CPU
		{6980A1C2-53E1-4E8A-AAF9-E2B8B6638A10}.AppStore|Any CPU.Deploy.0 = Release|Any CPU
		{6980A1C2-53E1-4E8A-AAF9-E2B8B6638A10}.AppStore|ARM.ActiveCfg = Release|Any CPU
		{6980A1C2-53E1-4E8A-AAF9-E2B8B6638A10}.AppStore|ARM.Build.0 = Release|Any CPU
		{6980A1C2-53E1-4E8A-AAF9-E2B8B6638A10}.AppStore|ARM.Deploy.0 = Release|Any CPU
		{6980A1C2-53E1-4E8A-AAF9-E2B8B6638A10}.AppStore|iPhone.ActiveCfg = Release|Any CPU
		{6980A1C2-53E1-4E8A-AAF9-E2B8B6638A10}.AppStore|iPhone.Build.0 = Release|Any CPU
		{6980A1C2-53E1-4E8A-AAF9-E2B8B6638A10}.AppStore|iPhone.Deploy.0 = Release|Any CPU
		{6980A1C2-53E1-4E8A-AAF9-E2B8B6638A10}.AppStore|iPhoneSimulator.ActiveCfg = Release|Any CPU
		{6980A1C2-53E1-4E8A-AAF9-E2B8B6638A10}.AppStore|iPhoneSimulator.Build.0 = Release|Any CPU
		{6980A1C2-53E1-4E8A-AAF9-E2B8B6638A10}.AppStore|iPhoneSimulator.Deploy.0 = Release|Any CPU
		{6980A1C2-53E1-4E8A-AAF9-E2B8B6638A10}.AppStore|x64.ActiveCfg = Release|Any CPU
		{6980A1C2-53E1-4E8A-AAF9-E2B8B6638A10}.AppStore|x64.Build.0 = Release|Any CPU
		{6980A1C2-53E1-4E8A-AAF9-E2B8B6638A10}.AppStore|x64.Deploy.0 = Release|Any CPU
		{6980A1C2-53E1-4E8A-AAF9-E2B8B6638A10}.AppStore|x86.ActiveCfg = Release|Any CPU
		{6980A1C2-53E1-4E8A-AAF9-E2B8B6638A10}.AppStore|x86.Build.0 = Release|Any CPU
		{6980A1C2-53E1-4E8A-AAF9-E2B8B6638A10}.AppStore|x86.Deploy.0 = Release|Any CPU
		{6980A1C2-53E1-4E8A-AAF9-E2B8B6638A10}.Debug|Any CPU.ActiveCfg = Debug|Any CPU
		{6980A1C2-53E1-4E8A-AAF9-E2B8B6638A10}.Debug|Any CPU.Build.0 = Debug|Any CPU
		{6980A1C2-53E1-4E8A-AAF9-E2B8B6638A10}.Debug|Any CPU.Deploy.0 = Debug|Any CPU
		{6980A1C2-53E1-4E8A-AAF9-E2B8B6638A10}.Debug|ARM.ActiveCfg = Debug|Any CPU
		{6980A1C2-53E1-4E8A-AAF9-E2B8B6638A10}.Debug|ARM.Build.0 = Debug|Any CPU
		{6980A1C2-53E1-4E8A-AAF9-E2B8B6638A10}.Debug|ARM.Deploy.0 = Debug|Any CPU
		{6980A1C2-53E1-4E8A-AAF9-E2B8B6638A10}.Debug|iPhone.ActiveCfg = Debug|Any CPU
		{6980A1C2-53E1-4E8A-AAF9-E2B8B6638A10}.Debug|iPhone.Build.0 = Debug|Any CPU
		{6980A1C2-53E1-4E8A-AAF9-E2B8B6638A10}.Debug|iPhone.Deploy.0 = Debug|Any CPU
		{6980A1C2-53E1-4E8A-AAF9-E2B8B6638A10}.Debug|iPhoneSimulator.ActiveCfg = Debug|Any CPU
		{6980A1C2-53E1-4E8A-AAF9-E2B8B6638A10}.Debug|iPhoneSimulator.Build.0 = Debug|Any CPU
		{6980A1C2-53E1-4E8A-AAF9-E2B8B6638A10}.Debug|iPhoneSimulator.Deploy.0 = Debug|Any CPU
		{6980A1C2-53E1-4E8A-AAF9-E2B8B6638A10}.Debug|x64.ActiveCfg = Debug|Any CPU
		{6980A1C2-53E1-4E8A-AAF9-E2B8B6638A10}.Debug|x64.Build.0 = Debug|Any CPU
		{6980A1C2-53E1-4E8A-AAF9-E2B8B6638A10}.Debug|x64.Deploy.0 = Debug|Any CPU
		{6980A1C2-53E1-4E8A-AAF9-E2B8B6638A10}.Debug|x86.ActiveCfg = Debug|Any CPU
		{6980A1C2-53E1-4E8A-AAF9-E2B8B6638A10}.Debug|x86.Build.0 = Debug|Any CPU
		{6980A1C2-53E1-4E8A-AAF9-E2B8B6638A10}.Debug|x86.Deploy.0 = Debug|Any CPU
		{6980A1C2-53E1-4E8A-AAF9-E2B8B6638A10}.Release|Any CPU.ActiveCfg = Release|Any CPU
		{6980A1C2-53E1-4E8A-AAF9-E2B8B6638A10}.Release|Any CPU.Build.0 = Release|Any CPU
		{6980A1C2-53E1-4E8A-AAF9-E2B8B6638A10}.Release|Any CPU.Deploy.0 = Release|Any CPU
		{6980A1C2-53E1-4E8A-AAF9-E2B8B6638A10}.Release|ARM.ActiveCfg = Release|Any CPU
		{6980A1C2-53E1-4E8A-AAF9-E2B8B6638A10}.Release|ARM.Build.0 = Release|Any CPU
		{6980A1C2-53E1-4E8A-AAF9-E2B8B6638A10}.Release|ARM.Deploy.0 = Release|Any CPU
		{6980A1C2-53E1-4E8A-AAF9-E2B8B6638A10}.Release|iPhone.ActiveCfg = Release|Any CPU
		{6980A1C2-53E1-4E8A-AAF9-E2B8B6638A10}.Release|iPhone.Build.0 = Release|Any CPU
		{6980A1C2-53E1-4E8A-AAF9-E2B8B6638A10}.Release|iPhone.Deploy.0 = Release|Any CPU
		{6980A1C2-53E1-4E8A-AAF9-E2B8B6638A10}.Release|iPhoneSimulator.ActiveCfg = Release|Any CPU
		{6980A1C2-53E1-4E8A-AAF9-E2B8B6638A10}.Release|iPhoneSimulator.Build.0 = Release|Any CPU
		{6980A1C2-53E1-4E8A-AAF9-E2B8B6638A10}.Release|iPhoneSimulator.Deploy.0 = Release|Any CPU
		{6980A1C2-53E1-4E8A-AAF9-E2B8B6638A10}.Release|x64.ActiveCfg = Release|Any CPU
		{6980A1C2-53E1-4E8A-AAF9-E2B8B6638A10}.Release|x64.Build.0 = Release|Any CPU
		{6980A1C2-53E1-4E8A-AAF9-E2B8B6638A10}.Release|x64.Deploy.0 = Release|Any CPU
		{6980A1C2-53E1-4E8A-AAF9-E2B8B6638A10}.Release|x86.ActiveCfg = Release|Any CPU
		{6980A1C2-53E1-4E8A-AAF9-E2B8B6638A10}.Release|x86.Build.0 = Release|Any CPU
		{6980A1C2-53E1-4E8A-AAF9-E2B8B6638A10}.Release|x86.Deploy.0 = Release|Any CPU
		{3AB6224C-D3D7-4087-B06A-25FCCD188493}.Ad-Hoc|Any CPU.ActiveCfg = Ad-Hoc|iPhone
		{3AB6224C-D3D7-4087-B06A-25FCCD188493}.Ad-Hoc|Any CPU.Build.0 = Ad-Hoc|iPhone
		{3AB6224C-D3D7-4087-B06A-25FCCD188493}.Ad-Hoc|Any CPU.Deploy.0 = Ad-Hoc|iPhone
		{3AB6224C-D3D7-4087-B06A-25FCCD188493}.Ad-Hoc|ARM.ActiveCfg = Ad-Hoc|iPhone
		{3AB6224C-D3D7-4087-B06A-25FCCD188493}.Ad-Hoc|ARM.Build.0 = Ad-Hoc|iPhone
		{3AB6224C-D3D7-4087-B06A-25FCCD188493}.Ad-Hoc|ARM.Deploy.0 = Ad-Hoc|iPhone
		{3AB6224C-D3D7-4087-B06A-25FCCD188493}.Ad-Hoc|iPhone.ActiveCfg = Ad-Hoc|iPhone
		{3AB6224C-D3D7-4087-B06A-25FCCD188493}.Ad-Hoc|iPhone.Build.0 = Ad-Hoc|iPhone
		{3AB6224C-D3D7-4087-B06A-25FCCD188493}.Ad-Hoc|iPhone.Deploy.0 = Ad-Hoc|iPhone
		{3AB6224C-D3D7-4087-B06A-25FCCD188493}.Ad-Hoc|iPhoneSimulator.ActiveCfg = Ad-Hoc|iPhoneSimulator
		{3AB6224C-D3D7-4087-B06A-25FCCD188493}.Ad-Hoc|iPhoneSimulator.Build.0 = Ad-Hoc|iPhoneSimulator
		{3AB6224C-D3D7-4087-B06A-25FCCD188493}.Ad-Hoc|iPhoneSimulator.Deploy.0 = Ad-Hoc|iPhoneSimulator
		{3AB6224C-D3D7-4087-B06A-25FCCD188493}.Ad-Hoc|x64.ActiveCfg = Ad-Hoc|iPhone
		{3AB6224C-D3D7-4087-B06A-25FCCD188493}.Ad-Hoc|x64.Build.0 = Ad-Hoc|iPhone
		{3AB6224C-D3D7-4087-B06A-25FCCD188493}.Ad-Hoc|x64.Deploy.0 = Ad-Hoc|iPhone
		{3AB6224C-D3D7-4087-B06A-25FCCD188493}.Ad-Hoc|x86.ActiveCfg = Ad-Hoc|iPhone
		{3AB6224C-D3D7-4087-B06A-25FCCD188493}.Ad-Hoc|x86.Build.0 = Ad-Hoc|iPhone
		{3AB6224C-D3D7-4087-B06A-25FCCD188493}.Ad-Hoc|x86.Deploy.0 = Ad-Hoc|iPhone
		{3AB6224C-D3D7-4087-B06A-25FCCD188493}.AppStore|Any CPU.ActiveCfg = AppStore|iPhone
		{3AB6224C-D3D7-4087-B06A-25FCCD188493}.AppStore|Any CPU.Build.0 = AppStore|iPhone
		{3AB6224C-D3D7-4087-B06A-25FCCD188493}.AppStore|Any CPU.Deploy.0 = AppStore|iPhone
		{3AB6224C-D3D7-4087-B06A-25FCCD188493}.AppStore|ARM.ActiveCfg = AppStore|iPhone
		{3AB6224C-D3D7-4087-B06A-25FCCD188493}.AppStore|ARM.Build.0 = AppStore|iPhone
		{3AB6224C-D3D7-4087-B06A-25FCCD188493}.AppStore|ARM.Deploy.0 = AppStore|iPhone
		{3AB6224C-D3D7-4087-B06A-25FCCD188493}.AppStore|iPhone.ActiveCfg = AppStore|iPhone
		{3AB6224C-D3D7-4087-B06A-25FCCD188493}.AppStore|iPhone.Build.0 = AppStore|iPhone
		{3AB6224C-D3D7-4087-B06A-25FCCD188493}.AppStore|iPhone.Deploy.0 = AppStore|iPhone
		{3AB6224C-D3D7-4087-B06A-25FCCD188493}.AppStore|iPhoneSimulator.ActiveCfg = AppStore|iPhoneSimulator
		{3AB6224C-D3D7-4087-B06A-25FCCD188493}.AppStore|iPhoneSimulator.Build.0 = AppStore|iPhoneSimulator
		{3AB6224C-D3D7-4087-B06A-25FCCD188493}.AppStore|iPhoneSimulator.Deploy.0 = AppStore|iPhoneSimulator
		{3AB6224C-D3D7-4087-B06A-25FCCD188493}.AppStore|x64.ActiveCfg = AppStore|iPhone
		{3AB6224C-D3D7-4087-B06A-25FCCD188493}.AppStore|x64.Build.0 = AppStore|iPhone
		{3AB6224C-D3D7-4087-B06A-25FCCD188493}.AppStore|x64.Deploy.0 = AppStore|iPhone
		{3AB6224C-D3D7-4087-B06A-25FCCD188493}.AppStore|x86.ActiveCfg = AppStore|iPhone
		{3AB6224C-D3D7-4087-B06A-25FCCD188493}.AppStore|x86.Build.0 = AppStore|iPhone
		{3AB6224C-D3D7-4087-B06A-25FCCD188493}.AppStore|x86.Deploy.0 = AppStore|iPhone
		{3AB6224C-D3D7-4087-B06A-25FCCD188493}.Debug|Any CPU.ActiveCfg = Debug|iPhoneSimulator
		{3AB6224C-D3D7-4087-B06A-25FCCD188493}.Debug|Any CPU.Build.0 = Debug|iPhoneSimulator
		{3AB6224C-D3D7-4087-B06A-25FCCD188493}.Debug|Any CPU.Deploy.0 = Debug|iPhoneSimulator
		{3AB6224C-D3D7-4087-B06A-25FCCD188493}.Debug|ARM.ActiveCfg = Debug|iPhone
		{3AB6224C-D3D7-4087-B06A-25FCCD188493}.Debug|ARM.Build.0 = Debug|iPhone
		{3AB6224C-D3D7-4087-B06A-25FCCD188493}.Debug|ARM.Deploy.0 = Debug|iPhone
		{3AB6224C-D3D7-4087-B06A-25FCCD188493}.Debug|iPhone.ActiveCfg = Debug|iPhone
		{3AB6224C-D3D7-4087-B06A-25FCCD188493}.Debug|iPhone.Build.0 = Debug|iPhone
		{3AB6224C-D3D7-4087-B06A-25FCCD188493}.Debug|iPhone.Deploy.0 = Debug|iPhone
		{3AB6224C-D3D7-4087-B06A-25FCCD188493}.Debug|iPhoneSimulator.ActiveCfg = Debug|iPhoneSimulator
		{3AB6224C-D3D7-4087-B06A-25FCCD188493}.Debug|iPhoneSimulator.Build.0 = Debug|iPhoneSimulator
		{3AB6224C-D3D7-4087-B06A-25FCCD188493}.Debug|iPhoneSimulator.Deploy.0 = Debug|iPhoneSimulator
		{3AB6224C-D3D7-4087-B06A-25FCCD188493}.Debug|x64.ActiveCfg = Debug|iPhone
		{3AB6224C-D3D7-4087-B06A-25FCCD188493}.Debug|x64.Build.0 = Debug|iPhone
		{3AB6224C-D3D7-4087-B06A-25FCCD188493}.Debug|x64.Deploy.0 = Debug|iPhone
		{3AB6224C-D3D7-4087-B06A-25FCCD188493}.Debug|x86.ActiveCfg = Debug|iPhone
		{3AB6224C-D3D7-4087-B06A-25FCCD188493}.Debug|x86.Build.0 = Debug|iPhone
		{3AB6224C-D3D7-4087-B06A-25FCCD188493}.Debug|x86.Deploy.0 = Debug|iPhone
		{3AB6224C-D3D7-4087-B06A-25FCCD188493}.Release|Any CPU.ActiveCfg = Release|iPhone
		{3AB6224C-D3D7-4087-B06A-25FCCD188493}.Release|Any CPU.Build.0 = Release|iPhone
		{3AB6224C-D3D7-4087-B06A-25FCCD188493}.Release|Any CPU.Deploy.0 = Release|iPhone
		{3AB6224C-D3D7-4087-B06A-25FCCD188493}.Release|ARM.ActiveCfg = Release|iPhone
		{3AB6224C-D3D7-4087-B06A-25FCCD188493}.Release|ARM.Build.0 = Release|iPhone
		{3AB6224C-D3D7-4087-B06A-25FCCD188493}.Release|ARM.Deploy.0 = Release|iPhone
		{3AB6224C-D3D7-4087-B06A-25FCCD188493}.Release|iPhone.ActiveCfg = Release|iPhone
		{3AB6224C-D3D7-4087-B06A-25FCCD188493}.Release|iPhone.Build.0 = Release|iPhone
		{3AB6224C-D3D7-4087-B06A-25FCCD188493}.Release|iPhone.Deploy.0 = Release|iPhone
		{3AB6224C-D3D7-4087-B06A-25FCCD188493}.Release|iPhoneSimulator.ActiveCfg = Release|iPhoneSimulator
		{3AB6224C-D3D7-4087-B06A-25FCCD188493}.Release|iPhoneSimulator.Build.0 = Release|iPhoneSimulator
		{3AB6224C-D3D7-4087-B06A-25FCCD188493}.Release|iPhoneSimulator.Deploy.0 = Release|iPhoneSimulator
		{3AB6224C-D3D7-4087-B06A-25FCCD188493}.Release|x64.ActiveCfg = Release|iPhone
		{3AB6224C-D3D7-4087-B06A-25FCCD188493}.Release|x64.Build.0 = Release|iPhone
		{3AB6224C-D3D7-4087-B06A-25FCCD188493}.Release|x64.Deploy.0 = Release|iPhone
		{3AB6224C-D3D7-4087-B06A-25FCCD188493}.Release|x86.ActiveCfg = Release|iPhone
		{3AB6224C-D3D7-4087-B06A-25FCCD188493}.Release|x86.Build.0 = Release|iPhone
		{3AB6224C-D3D7-4087-B06A-25FCCD188493}.Release|x86.Deploy.0 = Release|iPhone
		{F1F6ADE1-9986-4384-BF05-F452E41526A9}.Ad-Hoc|Any CPU.ActiveCfg = Release|x86
		{F1F6ADE1-9986-4384-BF05-F452E41526A9}.Ad-Hoc|Any CPU.Build.0 = Release|x86
		{F1F6ADE1-9986-4384-BF05-F452E41526A9}.Ad-Hoc|Any CPU.Deploy.0 = Release|x86
		{F1F6ADE1-9986-4384-BF05-F452E41526A9}.Ad-Hoc|ARM.ActiveCfg = Release|ARM
		{F1F6ADE1-9986-4384-BF05-F452E41526A9}.Ad-Hoc|ARM.Build.0 = Release|ARM
		{F1F6ADE1-9986-4384-BF05-F452E41526A9}.Ad-Hoc|ARM.Deploy.0 = Release|ARM
		{F1F6ADE1-9986-4384-BF05-F452E41526A9}.Ad-Hoc|iPhone.ActiveCfg = Release|x86
		{F1F6ADE1-9986-4384-BF05-F452E41526A9}.Ad-Hoc|iPhone.Build.0 = Release|x86
		{F1F6ADE1-9986-4384-BF05-F452E41526A9}.Ad-Hoc|iPhone.Deploy.0 = Release|x86
		{F1F6ADE1-9986-4384-BF05-F452E41526A9}.Ad-Hoc|iPhoneSimulator.ActiveCfg = Release|x86
		{F1F6ADE1-9986-4384-BF05-F452E41526A9}.Ad-Hoc|iPhoneSimulator.Build.0 = Release|x86
		{F1F6ADE1-9986-4384-BF05-F452E41526A9}.Ad-Hoc|iPhoneSimulator.Deploy.0 = Release|x86
		{F1F6ADE1-9986-4384-BF05-F452E41526A9}.Ad-Hoc|x64.ActiveCfg = Release|x64
		{F1F6ADE1-9986-4384-BF05-F452E41526A9}.Ad-Hoc|x64.Build.0 = Release|x64
		{F1F6ADE1-9986-4384-BF05-F452E41526A9}.Ad-Hoc|x64.Deploy.0 = Release|x64
		{F1F6ADE1-9986-4384-BF05-F452E41526A9}.Ad-Hoc|x86.ActiveCfg = Release|x86
		{F1F6ADE1-9986-4384-BF05-F452E41526A9}.Ad-Hoc|x86.Build.0 = Release|x86
		{F1F6ADE1-9986-4384-BF05-F452E41526A9}.Ad-Hoc|x86.Deploy.0 = Release|x86
		{F1F6ADE1-9986-4384-BF05-F452E41526A9}.AppStore|Any CPU.ActiveCfg = Release|x86
		{F1F6ADE1-9986-4384-BF05-F452E41526A9}.AppStore|Any CPU.Build.0 = Release|x86
		{F1F6ADE1-9986-4384-BF05-F452E41526A9}.AppStore|Any CPU.Deploy.0 = Release|x86
		{F1F6ADE1-9986-4384-BF05-F452E41526A9}.AppStore|ARM.ActiveCfg = Release|ARM
		{F1F6ADE1-9986-4384-BF05-F452E41526A9}.AppStore|ARM.Build.0 = Release|ARM
		{F1F6ADE1-9986-4384-BF05-F452E41526A9}.AppStore|ARM.Deploy.0 = Release|ARM
		{F1F6ADE1-9986-4384-BF05-F452E41526A9}.AppStore|iPhone.ActiveCfg = Release|x86
		{F1F6ADE1-9986-4384-BF05-F452E41526A9}.AppStore|iPhone.Build.0 = Release|x86
		{F1F6ADE1-9986-4384-BF05-F452E41526A9}.AppStore|iPhone.Deploy.0 = Release|x86
		{F1F6ADE1-9986-4384-BF05-F452E41526A9}.AppStore|iPhoneSimulator.ActiveCfg = Release|x86
		{F1F6ADE1-9986-4384-BF05-F452E41526A9}.AppStore|iPhoneSimulator.Build.0 = Release|x86
		{F1F6ADE1-9986-4384-BF05-F452E41526A9}.AppStore|iPhoneSimulator.Deploy.0 = Release|x86
		{F1F6ADE1-9986-4384-BF05-F452E41526A9}.AppStore|x64.ActiveCfg = Release|x64
		{F1F6ADE1-9986-4384-BF05-F452E41526A9}.AppStore|x64.Build.0 = Release|x64
		{F1F6ADE1-9986-4384-BF05-F452E41526A9}.AppStore|x64.Deploy.0 = Release|x64
		{F1F6ADE1-9986-4384-BF05-F452E41526A9}.AppStore|x86.ActiveCfg = Release|x86
		{F1F6ADE1-9986-4384-BF05-F452E41526A9}.AppStore|x86.Build.0 = Release|x86
		{F1F6ADE1-9986-4384-BF05-F452E41526A9}.AppStore|x86.Deploy.0 = Release|x86
		{F1F6ADE1-9986-4384-BF05-F452E41526A9}.Debug|Any CPU.ActiveCfg = Debug|x86
		{F1F6ADE1-9986-4384-BF05-F452E41526A9}.Debug|Any CPU.Build.0 = Debug|x86
		{F1F6ADE1-9986-4384-BF05-F452E41526A9}.Debug|Any CPU.Deploy.0 = Debug|x86
		{F1F6ADE1-9986-4384-BF05-F452E41526A9}.Debug|ARM.ActiveCfg = Debug|ARM
		{F1F6ADE1-9986-4384-BF05-F452E41526A9}.Debug|ARM.Build.0 = Debug|ARM
		{F1F6ADE1-9986-4384-BF05-F452E41526A9}.Debug|ARM.Deploy.0 = Debug|ARM
		{F1F6ADE1-9986-4384-BF05-F452E41526A9}.Debug|iPhone.ActiveCfg = Debug|x86
		{F1F6ADE1-9986-4384-BF05-F452E41526A9}.Debug|iPhone.Build.0 = Debug|x86
		{F1F6ADE1-9986-4384-BF05-F452E41526A9}.Debug|iPhone.Deploy.0 = Debug|x86
		{F1F6ADE1-9986-4384-BF05-F452E41526A9}.Debug|iPhoneSimulator.ActiveCfg = Debug|x86
		{F1F6ADE1-9986-4384-BF05-F452E41526A9}.Debug|iPhoneSimulator.Build.0 = Debug|x86
		{F1F6ADE1-9986-4384-BF05-F452E41526A9}.Debug|iPhoneSimulator.Deploy.0 = Debug|x86
		{F1F6ADE1-9986-4384-BF05-F452E41526A9}.Debug|x64.ActiveCfg = Debug|x64
		{F1F6ADE1-9986-4384-BF05-F452E41526A9}.Debug|x64.Build.0 = Debug|x64
		{F1F6ADE1-9986-4384-BF05-F452E41526A9}.Debug|x64.Deploy.0 = Debug|x64
		{F1F6ADE1-9986-4384-BF05-F452E41526A9}.Debug|x86.ActiveCfg = Debug|x86
		{F1F6ADE1-9986-4384-BF05-F452E41526A9}.Debug|x86.Build.0 = Debug|x86
		{F1F6ADE1-9986-4384-BF05-F452E41526A9}.Debug|x86.Deploy.0 = Debug|x86
		{F1F6ADE1-9986-4384-BF05-F452E41526A9}.Release|Any CPU.ActiveCfg = Release|x86
		{F1F6ADE1-9986-4384-BF05-F452E41526A9}.Release|Any CPU.Build.0 = Release|x86
		{F1F6ADE1-9986-4384-BF05-F452E41526A9}.Release|Any CPU.Deploy.0 = Release|x86
		{F1F6ADE1-9986-4384-BF05-F452E41526A9}.Release|ARM.ActiveCfg = Release|ARM
		{F1F6ADE1-9986-4384-BF05-F452E41526A9}.Release|ARM.Build.0 = Release|ARM
		{F1F6ADE1-9986-4384-BF05-F452E41526A9}.Release|ARM.Deploy.0 = Release|ARM
		{F1F6ADE1-9986-4384-BF05-F452E41526A9}.Release|iPhone.ActiveCfg = Release|x86
		{F1F6ADE1-9986-4384-BF05-F452E41526A9}.Release|iPhone.Build.0 = Release|x86
		{F1F6ADE1-9986-4384-BF05-F452E41526A9}.Release|iPhone.Deploy.0 = Release|x86
		{F1F6ADE1-9986-4384-BF05-F452E41526A9}.Release|iPhoneSimulator.ActiveCfg = Release|x86
		{F1F6ADE1-9986-4384-BF05-F452E41526A9}.Release|iPhoneSimulator.Build.0 = Release|x86
		{F1F6ADE1-9986-4384-BF05-F452E41526A9}.Release|iPhoneSimulator.Deploy.0 = Release|x86
		{F1F6ADE1-9986-4384-BF05-F452E41526A9}.Release|x64.ActiveCfg = Release|x64
		{F1F6ADE1-9986-4384-BF05-F452E41526A9}.Release|x64.Build.0 = Release|x64
		{F1F6ADE1-9986-4384-BF05-F452E41526A9}.Release|x64.Deploy.0 = Release|x64
		{F1F6ADE1-9986-4384-BF05-F452E41526A9}.Release|x86.ActiveCfg = Release|x86
		{F1F6ADE1-9986-4384-BF05-F452E41526A9}.Release|x86.Build.0 = Release|x86
		{F1F6ADE1-9986-4384-BF05-F452E41526A9}.Release|x86.Deploy.0 = Release|x86
	EndGlobalSection
	GlobalSection(SolutionProperties) = preSolution
		HideSolutionNode = FALSE
	EndGlobalSection
	GlobalSection(ExtensibilityGlobals) = postSolution
		SolutionGuid = {4CE9C617-542D-4030-8712-078F68D48837}
	EndGlobalSection
EndGlobal
